
Microsoft Visual Studio Solution File, Format Version 12.00
# Visual Studio Version 17
VisualStudioVersion = 17.8.34322.80
MinimumVisualStudioVersion = 10.0.40219.1
Project("{FAE04EC0-301F-11D3-BF4B-00C04F79EFBC}") = "Lk8", "Lk8\Lk8.csproj", "{4D4096C4-462C-432F-A6A7-5E9761B302E0}"
EndProject
Global
	GlobalSection(SolutionConfigurationPlatforms) = preSolution
		Debug|Any CPU = Debug|Any CPU
		Release|Any CPU = Release|Any CPU
	EndGlobalSection
	GlobalSection(ProjectConfigurationPlatforms) = postSolution
		{4D4096C4-462C-432F-A6A7-5E9761B302E0}.Debug|Any CPU.ActiveCfg = Debug|Any CPU
		{4D4096C4-462C-432F-A6A7-5E9761B302E0}.Debug|Any CPU.Build.0 = Debug|Any CPU
		{4D4096C4-462C-432F-A6A7-5E9761B302E0}.Release|Any CPU.ActiveCfg = Release|Any CPU
		{4D4096C4-462C-432F-A6A7-5E9761B302E0}.Release|Any CPU.Build.0 = Release|Any CPU
	EndGlobalSection
	GlobalSection(SolutionProperties) = preSolution
		HideSolutionNode = FALSE
	EndGlobalSection
	GlobalSection(ExtensibilityGlobals) = postSolution
		SolutionGuid = {7D1CA5FC-652B-413A-AA98-F173FCE86FA9}
	EndGlobalSection
EndGlobal
