
Microsoft Visual Studio Solution File, Format Version 12.00
# Visual Studio Version 17
VisualStudioVersion = 17.8.34322.80
MinimumVisualStudioVersion = 10.0.40219.1
Project("{FAE04EC0-301F-11D3-BF4B-00C04F79EFBC}") = "Lk11", "Lk11\Lk11.csproj", "{A7D2203E-7CA8-4BB5-9359-FD7542E6DA2B}"
EndProject
Global
	GlobalSection(SolutionConfigurationPlatforms) = preSolution
		Debug|Any CPU = Debug|Any CPU
		Release|Any CPU = Release|Any CPU
	EndGlobalSection
	GlobalSection(ProjectConfigurationPlatforms) = postSolution
		{A7D2203E-7CA8-4BB5-9359-FD7542E6DA2B}.Debug|Any CPU.ActiveCfg = Debug|Any CPU
		{A7D2203E-7CA8-4BB5-9359-FD7542E6DA2B}.Debug|Any CPU.Build.0 = Debug|Any CPU
		{A7D2203E-7CA8-4BB5-9359-FD7542E6DA2B}.Release|Any CPU.ActiveCfg = Release|Any CPU
		{A7D2203E-7CA8-4BB5-9359-FD7542E6DA2B}.Release|Any CPU.Build.0 = Release|Any CPU
	EndGlobalSection
	GlobalSection(SolutionProperties) = preSolution
		HideSolutionNode = FALSE
	EndGlobalSection
	GlobalSection(ExtensibilityGlobals) = postSolution
		SolutionGuid = {2402E9A8-9D93-4C34-B8AF-EA6B9CB9F4E1}
	EndGlobalSection
EndGlobal
