
Microsoft Visual Studio Solution File, Format Version 12.00
# Visual Studio Version 17
VisualStudioVersion = 17.8.34322.80
MinimumVisualStudioVersion = 10.0.40219.1
Project("{FAE04EC0-301F-11D3-BF4B-00C04F79EFBC}") = "Lk1", "Lk1\Lk1.csproj", "{1DB57E70-6EE7-41B6-B029-1A6E332FBDF5}"
EndProject
Global
	GlobalSection(SolutionConfigurationPlatforms) = preSolution
		Debug|Any CPU = Debug|Any CPU
		Release|Any CPU = Release|Any CPU
	EndGlobalSection
	GlobalSection(ProjectConfigurationPlatforms) = postSolution
		{1DB57E70-6EE7-41B6-B029-1A6E332FBDF5}.Debug|Any CPU.ActiveCfg = Debug|Any CPU
		{1DB57E70-6EE7-41B6-B029-1A6E332FBDF5}.Debug|Any CPU.Build.0 = Debug|Any CPU
		{1DB57E70-6EE7-41B6-B029-1A6E332FBDF5}.Release|Any CPU.ActiveCfg = Release|Any CPU
		{1DB57E70-6EE7-41B6-B029-1A6E332FBDF5}.Release|Any CPU.Build.0 = Release|Any CPU
	EndGlobalSection
	GlobalSection(SolutionProperties) = preSolution
		HideSolutionNode = FALSE
	EndGlobalSection
	GlobalSection(ExtensibilityGlobals) = postSolution
		SolutionGuid = {B1EC65DA-0417-4AA7-AC0D-C157E484A387}
	EndGlobalSection
EndGlobal
