
Microsoft Visual Studio Solution File, Format Version 12.00
# Visual Studio Version 17
VisualStudioVersion = 17.8.34322.80
MinimumVisualStudioVersion = 10.0.40219.1
Project("{FAE04EC0-301F-11D3-BF4B-00C04F79EFBC}") = "Lk1.2", "Lk1.2\Lk1.2.csproj", "{C2677314-6C13-4F47-8B60-99A8D253EF84}"
EndProject
Global
	GlobalSection(SolutionConfigurationPlatforms) = preSolution
		Debug|Any CPU = Debug|Any CPU
		Release|Any CPU = Release|Any CPU
	EndGlobalSection
	GlobalSection(ProjectConfigurationPlatforms) = postSolution
		{C2677314-6C13-4F47-8B60-99A8D253EF84}.Debug|Any CPU.ActiveCfg = Debug|Any CPU
		{C2677314-6C13-4F47-8B60-99A8D253EF84}.Debug|Any CPU.Build.0 = Debug|Any CPU
		{C2677314-6C13-4F47-8B60-99A8D253EF84}.Release|Any CPU.ActiveCfg = Release|Any CPU
		{C2677314-6C13-4F47-8B60-99A8D253EF84}.Release|Any CPU.Build.0 = Release|Any CPU
	EndGlobalSection
	GlobalSection(SolutionProperties) = preSolution
		HideSolutionNode = FALSE
	EndGlobalSection
	GlobalSection(ExtensibilityGlobals) = postSolution
		SolutionGuid = {F90EC212-D94B-4535-AAF8-3F67D1C1417A}
	EndGlobalSection
EndGlobal
